Microsoft Visual Studio Solution File, Format Version 12.00
# Visual Studio Version 17
VisualStudioVersion = 17.5.2.0
MinimumVisualStudioVersion = 10.0.40219.1
Project("{FAE04EC0-301F-11D3-BF4B-00C04F79EFBC}") = "ecommerce-system", "ecommerce-system.csproj", "{DDD0C40B-149C-6B03-5D4B-F3B3CF35F3E6}"
EndProject
Global
	GlobalSection(SolutionConfigurationPlatforms) = preSolution
		Debug|Any CPU = Debug|Any CPU
		Release|Any CPU = Release|Any CPU
	EndGlobalSection
	GlobalSection(ProjectConfigurationPlatforms) = postSolution
		{DDD0C40B-149C-6B03-5D4B-F3B3CF35F3E6}.Debug|Any CPU.ActiveCfg = Debug|Any CPU
		{DDD0C40B-149C-6B03-5D4B-F3B3CF35F3E6}.Debug|Any CPU.Build.0 = Debug|Any CPU
		{DDD0C40B-149C-6B03-5D4B-F3B3CF35F3E6}.Release|Any CPU.ActiveCfg = Release|Any CPU
		{DDD0C40B-149C-6B03-5D4B-F3B3CF35F3E6}.Release|Any CPU.Build.0 = Release|Any CPU
	EndGlobalSection
	GlobalSection(SolutionProperties) = preSolution
		HideSolutionNode = FALSE
	EndGlobalSection
	GlobalSection(ExtensibilityGlobals) = postSolution
		SolutionGuid = {A67635D6-19B1-4D8A-AB81-F249434B026D}
	EndGlobalSection
EndGlobal
